
Microsoft Visual Studio Solution File, Format Version 12.00
# Visual Studio Version 17
VisualStudioVersion = 17.6.33829.357
MinimumVisualStudioVersion = 10.0.40219.1
Project("{FAE04EC0-301F-11D3-BF4B-00C04F79EFBC}") = "Array", "Array\Array.csproj", "{8EA4DE8F-C2DF-45F1-9E50-BD706CBA518B}"
EndProject
Global
	GlobalSection(SolutionConfigurationPlatforms) = preSolution
		Debug|Any CPU = Debug|Any CPU
		Release|Any CPU = Release|Any CPU
	EndGlobalSection
	GlobalSection(ProjectConfigurationPlatforms) = postSolution
		{8EA4DE8F-C2DF-45F1-9E50-BD706CBA518B}.Debug|Any CPU.ActiveCfg = Debug|Any CPU
		{8EA4DE8F-C2DF-45F1-9E50-BD706CBA518B}.Debug|Any CPU.Build.0 = Debug|Any CPU
		{8EA4DE8F-C2DF-45F1-9E50-BD706CBA518B}.Release|Any CPU.ActiveCfg = Release|Any CPU
		{8EA4DE8F-C2DF-45F1-9E50-BD706CBA518B}.Release|Any CPU.Build.0 = Release|Any CPU
	EndGlobalSection
	GlobalSection(SolutionProperties) = preSolution
		HideSolutionNode = FALSE
	EndGlobalSection
	GlobalSection(ExtensibilityGlobals) = postSolution
		SolutionGuid = {5DF9DBC0-F7A7-4963-8452-891246D09D16}
	EndGlobalSection
EndGlobal
